
Microsoft Visual Studio Solution File, Format Version 12.00
# Visual Studio Version 17
VisualStudioVersion = 17.9.34607.119
MinimumVisualStudioVersion = 10.0.40219.1
Project("{9A19103F-16F7-4668-BE54-9A1E7A4F7556}") = "DemoApi", "DemoApi\DemoApi.csproj", "{CCDE2C5E-C422-4392-99E7-176895E57CF2}"
EndProject
Project("{9A19103F-16F7-4668-BE54-9A1E7A4F7556}") = "DemoMvc", "DemoMvc\DemoMvc.csproj", "{336DD9DB-0EE9-4264-9FA1-427783077C5C}"
EndProject
Global
	GlobalSection(SolutionConfigurationPlatforms) = preSolution
		Debug|Any CPU = Debug|Any CPU
		Release|Any CPU = Release|Any CPU
	EndGlobalSection
	GlobalSection(ProjectConfigurationPlatforms) = postSolution
		{CCDE2C5E-C422-4392-99E7-176895E57CF2}.Debug|Any CPU.ActiveCfg = Debug|Any CPU
		{CCDE2C5E-C422-4392-99E7-176895E57CF2}.Debug|Any CPU.Build.0 = Debug|Any CPU
		{CCDE2C5E-C422-4392-99E7-176895E57CF2}.Release|Any CPU.ActiveCfg = Release|Any CPU
		{CCDE2C5E-C422-4392-99E7-176895E57CF2}.Release|Any CPU.Build.0 = Release|Any CPU
		{336DD9DB-0EE9-4264-9FA1-427783077C5C}.Debug|Any CPU.ActiveCfg = Debug|Any CPU
		{336DD9DB-0EE9-4264-9FA1-427783077C5C}.Debug|Any CPU.Build.0 = Debug|Any CPU
		{336DD9DB-0EE9-4264-9FA1-427783077C5C}.Release|Any CPU.ActiveCfg = Release|Any CPU
		{336DD9DB-0EE9-4264-9FA1-427783077C5C}.Release|Any CPU.Build.0 = Release|Any CPU
	EndGlobalSection
	GlobalSection(SolutionProperties) = preSolution
		HideSolutionNode = FALSE
	EndGlobalSection
	GlobalSection(ExtensibilityGlobals) = postSolution
		SolutionGuid = {BCC2D4D7-2BCE-4A20-97CC-983DC0D1F162}
	EndGlobalSection
EndGlobal
